
Microsoft Visual Studio Solution File, Format Version 12.00
# Visual Studio Version 16
VisualStudioVersion = 16.0.29306.81
MinimumVisualStudioVersion = 10.0.40219.1
Project("{8BC9CEB8-8B4A-11D0-8D11-00A0C91BC942}") = "tmp_vs_file_forall", "tmp_vs_file_forall\tmp_vs_file_forall.vcxproj", "{536B4298-1702-4C6E-A1E3-F52C7FDE4FEF}"
EndProject
Global
	GlobalSection(SolutionConfigurationPlatforms) = preSolution
		Debug|x64 = Debug|x64
		Debug|x86 = Debug|x86
		Release|x64 = Release|x64
		Release|x86 = Release|x86
	EndGlobalSection
	GlobalSection(ProjectConfigurationPlatforms) = postSolution
		{536B4298-1702-4C6E-A1E3-F52C7FDE4FEF}.Debug|x64.ActiveCfg = Debug|x64
		{536B4298-1702-4C6E-A1E3-F52C7FDE4FEF}.Debug|x64.Build.0 = Debug|x64
		{536B4298-1702-4C6E-A1E3-F52C7FDE4FEF}.Debug|x86.ActiveCfg = Debug|Win32
		{536B4298-1702-4C6E-A1E3-F52C7FDE4FEF}.Debug|x86.Build.0 = Debug|Win32
		{536B4298-1702-4C6E-A1E3-F52C7FDE4FEF}.Release|x64.ActiveCfg = Release|x64
		{536B4298-1702-4C6E-A1E3-F52C7FDE4FEF}.Release|x64.Build.0 = Release|x64
		{536B4298-1702-4C6E-A1E3-F52C7FDE4FEF}.Release|x86.ActiveCfg = Release|Win32
		{536B4298-1702-4C6E-A1E3-F52C7FDE4FEF}.Release|x86.Build.0 = Release|Win32
	EndGlobalSection
	GlobalSection(SolutionProperties) = preSolution
		HideSolutionNode = FALSE
	EndGlobalSection
	GlobalSection(ExtensibilityGlobals) = postSolution
		SolutionGuid = {54920123-D4FF-43EF-B281-02FBFAD5A5FE}
	EndGlobalSection
EndGlobal
